
Microsoft Visual Studio Solution File, Format Version 12.00
# Visual Studio Version 17
VisualStudioVersion = 17.7.34031.279
MinimumVisualStudioVersion = 10.0.40219.1
Project("{FAE04EC0-301F-11D3-BF4B-00C04F79EFBC}") = "IphoneCarrinho", "IphoneCarrinho\IphoneCarrinho.csproj", "{79158976-3F2E-48F8-8D73-51CD14EDFFFA}"
EndProject
Global
	GlobalSection(SolutionConfigurationPlatforms) = preSolution
		Debug|Any CPU = Debug|Any CPU
		Release|Any CPU = Release|Any CPU
	EndGlobalSection
	GlobalSection(ProjectConfigurationPlatforms) = postSolution
		{79158976-3F2E-48F8-8D73-51CD14EDFFFA}.Debug|Any CPU.ActiveCfg = Debug|Any CPU
		{79158976-3F2E-48F8-8D73-51CD14EDFFFA}.Debug|Any CPU.Build.0 = Debug|Any CPU
		{79158976-3F2E-48F8-8D73-51CD14EDFFFA}.Release|Any CPU.ActiveCfg = Release|Any CPU
		{79158976-3F2E-48F8-8D73-51CD14EDFFFA}.Release|Any CPU.Build.0 = Release|Any CPU
	EndGlobalSection
	GlobalSection(SolutionProperties) = preSolution
		HideSolutionNode = FALSE
	EndGlobalSection
	GlobalSection(ExtensibilityGlobals) = postSolution
		SolutionGuid = {A350DE75-D64D-47AD-B39C-6AA8B2A9E058}
	EndGlobalSection
EndGlobal
